Microsoft Visual Studio Solution File, Format Version 11.00
# Visual Studio 2010
Project("{FAE04EC0-301F-11D3-BF4B-00C04F79EFBC}") = "AreaChart", "AreaChart\AreaChart.csproj", "{906D2196-7E2D-4938-9A17-365C6A58ED5D}"
EndProject
Project("{FAE04EC0-301F-11D3-BF4B-00C04F79EFBC}") = "AreaChart.Web", "AreaChart.Web\AreaChart.Web.csproj", "{DF23E0F8-0B26-4735-A687-85CA14BAFB13}"
EndProject
Global
	GlobalSection(SolutionConfigurationPlatforms) = preSolution
		Debug|Any CPU = Debug|Any CPU
		Release|Any CPU = Release|Any CPU
	EndGlobalSection
	GlobalSection(ProjectConfigurationPlatforms) = postSolution
		{906D2196-7E2D-4938-9A17-365C6A58ED5D}.Debug|Any CPU.ActiveCfg = Debug|Any CPU
		{906D2196-7E2D-4938-9A17-365C6A58ED5D}.Debug|Any CPU.Build.0 = Debug|Any CPU
		{906D2196-7E2D-4938-9A17-365C6A58ED5D}.Release|Any CPU.ActiveCfg = Release|Any CPU
		{906D2196-7E2D-4938-9A17-365C6A58ED5D}.Release|Any CPU.Build.0 = Release|Any CPU
		{DF23E0F8-0B26-4735-A687-85CA14BAFB13}.Debug|Any CPU.ActiveCfg = Debug|Any CPU
		{DF23E0F8-0B26-4735-A687-85CA14BAFB13}.Debug|Any CPU.Build.0 = Debug|Any CPU
		{DF23E0F8-0B26-4735-A687-85CA14BAFB13}.Release|Any CPU.ActiveCfg = Release|Any CPU
		{DF23E0F8-0B26-4735-A687-85CA14BAFB13}.Release|Any CPU.Build.0 = Release|Any CPU
	EndGlobalSection
	GlobalSection(SolutionProperties) = preSolution
		HideSolutionNode = FALSE
	EndGlobalSection
EndGlobal
